
Microsoft Visual Studio Solution File, Format Version 12.00
# Visual Studio 15
VisualStudioVersion = 15.0.27130.2003
MinimumVisualStudioVersion = 10.0.40219.1
Project("{8BC9CEB8-8B4A-11D0-8D11-00A0C91BC942}") = "Initializer_Lists", "Initializer_Lists\Initializer_Lists.vcxproj", "{76A3AA18-1424-4993-B534-D56AC8FDC7ED}"
EndProject
Global
	GlobalSection(SolutionConfigurationPlatforms) = preSolution
		Debug|x64 = Debug|x64
		Debug|x86 = Debug|x86
		Release|x64 = Release|x64
		Release|x86 = Release|x86
	EndGlobalSection
	GlobalSection(ProjectConfigurationPlatforms) = postSolution
		{76A3AA18-1424-4993-B534-D56AC8FDC7ED}.Debug|x64.ActiveCfg = Debug|x64
		{76A3AA18-1424-4993-B534-D56AC8FDC7ED}.Debug|x64.Build.0 = Debug|x64
		{76A3AA18-1424-4993-B534-D56AC8FDC7ED}.Debug|x86.ActiveCfg = Debug|Win32
		{76A3AA18-1424-4993-B534-D56AC8FDC7ED}.Debug|x86.Build.0 = Debug|Win32
		{76A3AA18-1424-4993-B534-D56AC8FDC7ED}.Release|x64.ActiveCfg = Release|x64
		{76A3AA18-1424-4993-B534-D56AC8FDC7ED}.Release|x64.Build.0 = Release|x64
		{76A3AA18-1424-4993-B534-D56AC8FDC7ED}.Release|x86.ActiveCfg = Release|Win32
		{76A3AA18-1424-4993-B534-D56AC8FDC7ED}.Release|x86.Build.0 = Release|Win32
	EndGlobalSection
	GlobalSection(SolutionProperties) = preSolution
		HideSolutionNode = FALSE
	EndGlobalSection
	GlobalSection(ExtensibilityGlobals) = postSolution
		SolutionGuid = {C5155491-BAEB-4D8A-886A-4D89A25FA2B7}
	EndGlobalSection
EndGlobal
